// !$*UTF8*$!
{
	archiveVersion = 1;
	classes = {
	};
	objectVersion = 50;
	objects = {

/* Begin PBXBuildFile section */
		66BA61A8246AF17D006CCB9A /* AppDelegate.m in Sources */ = {isa = PBXBuildFile; fileRef = 66BA61A7246AF17D006CCB9A /* AppDelegate.m */; };
		66BA61AB246AF17D006CCB9A /* SceneDelegate.m in Sources */ = {isa = PBXBuildFile; fileRef = 66BA61AA246AF17D006CCB9A /* SceneDelegate.m */; };
		66BA61AE246AF17D006CCB9A /* ViewController.m in Sources */ = {isa = PBXBuildFile; fileRef = 66BA61AD246AF17D006CCB9A /* ViewController.m */; };
		66BA61B1246AF17D006CCB9A /* Main.storyboard in Resources */ = {isa = PBXBuildFile; fileRef = 66BA61AF246AF17D006CCB9A /* Main.storyboard */; };
		66BA61B3246AF180006CCB9A /* Assets.xcassets in Resources */ = {isa = PBXBuildFile; fileRef = 66BA61B2246AF180006CCB9A /* Assets.xcassets */; };
		66BA61B6246AF180006CCB9A /* LaunchScreen.storyboard in Resources */ = {isa = PBXBuildFile; fileRef = 66BA61B4246AF180006CCB9A /* LaunchScreen.storyboard */; };
		66BA61B9246AF180006CCB9A /* main.m in Sources */ = {isa = PBXBuildFile; fileRef = 66BA61B8246AF180006CCB9A /* main.m */; };
		66BA61C2246AF1A1006CCB9A /* DRBCommonTool.m in Sources */ = {isa = PBXBuildFile; fileRef = 66BA61C0246AF1A1006CCB9A /* DRBCommonTool.m */; };
/* End PBXBuildFile section */

/* Begin PBXFileReference section */
		66BA61A3246AF17D006CCB9A /* TianYangTool.app */ = {isa = PBXFileReference; explicitFileType = wrapper.application; includeInIndex = 0; path = TianYangTool.app; sourceTree = BUILT_PRODUCTS_DIR; };
		66BA61A6246AF17D006CCB9A /* AppDelegate.h */ = {isa = PBXFileReference; lastKnownFileType = sourcecode.c.h; path = AppDelegate.h; sourceTree = "<group>"; };
		66BA61A7246AF17D006CCB9A /* AppDelegate.m */ = {isa = PBXFileReference; lastKnownFileType = sourcecode.c.objc; path = AppDelegate.m; sourceTree = "<group>"; };
		66BA61A9246AF17D006CCB9A /* SceneDelegate.h */ = {isa = PBXFileReference; lastKnownFileType = sourcecode.c.h; path = SceneDelegate.h; sourceTree = "<group>"; };
		66BA61AA246AF17D006CCB9A /* SceneDelegate.m */ = {isa = PBXFileReference; lastKnownFileType = sourcecode.c.objc; path = SceneDelegate.m; sourceTree = "<group>"; };
		66BA61AC246AF17D006CCB9A /* ViewController.h */ = {isa = PBXFileReference; lastKnownFileType = sourcecode.c.h; path = ViewController.h; sourceTree = "<group>"; };
		66BA61AD246AF17D006CCB9A /* ViewController.m */ = {isa = PBXFileReference; lastKnownFileType = sourcecode.c.objc; path = ViewController.m; sourceTree = "<group>"; };
		66BA61B0246AF17D006CCB9A /* Base */ = {isa = PBXFileReference; lastKnownFileType = file.storyboard; name = Base; path = Base.lproj/Main.storyboard; sourceTree = "<group>"; };
		66BA61B2246AF180006CCB9A /* Assets.xcassets */ = {isa = PBXFileReference; lastKnownFileType = folder.assetcatalog; path = Assets.xcassets; sourceTree = "<group>"; };
		66BA61B5246AF180006CCB9A /* Base */ = {isa = PBXFileReference; lastKnownFileType = file.storyboard; name = Base; path = Base.lproj/LaunchScreen.storyboard; sourceTree = "<group>"; };
		66BA61B7246AF180006CCB9A /* Info.plist */ = {isa = PBXFileReference; lastKnownFileType = text.plist.xml; path = Info.plist; sourceTree = "<group>"; };
		66BA61B8246AF180006CCB9A /* main.m */ = {isa = PBXFileReference; lastKnownFileType = sourcecode.c.objc; path = main.m; sourceTree = "<group>"; };
		66BA61C0246AF1A1006CCB9A /* DRBCommonTool.m */ = {isa = PBXFileReference; fileEncoding = 4; lastKnownFileType = sourcecode.c.objc; path = DRBCommonTool.m; sourceTree = "<group>"; };
		66BA61C1246AF1A1006CCB9A /* DRBCommonTool.h */ = {isa = PBXFileReference; fileEncoding = 4; lastKnownFileType = sourcecode.c.h; path = DRBCommonTool.h; sourceTree = "<group>"; };
/* End PBXFileReference section */

/* Begin PBXFrameworksBuildPhase section */
		66BA61A0246AF17D006CCB9A /* Frameworks */ = {
			isa = PBXFrameworksBuildPhase;
			buildActionMask = 2147483647;
			files = (
			);
			runOnlyForDeploymentPostprocessing = 0;
		};
/* End PBXFrameworksBuildPhase section */

/* Begin PBXGroup section */
		66BA619A246AF17D006CCB9A = {
			isa = PBXGroup;
			children = (
				66BA61A5246AF17D006CCB9A /* TianYangTool */,
				66BA61A4246AF17D006CCB9A /* Products */,
			);
			sourceTree = "<group>";
		};
		66BA61A4246AF17D006CCB9A /* Products */ = {
			isa = PBXGroup;
			children = (
				66BA61A3246AF17D006CCB9A /* TianYangTool.app */,
			);
			name = Products;
			sourceTree = "<group>";
		};
		66BA61A5246AF17D006CCB9A /* TianYangTool */ = {
			isa = PBXGroup;
			children = (
				66BA61BF246AF1A1006CCB9A /* Classes */,
				66BA61A6246AF17D006CCB9A /* AppDelegate.h */,
				66BA61A7246AF17D006CCB9A /* AppDelegate.m */,
				66BA61A9246AF17D006CCB9A /* SceneDelegate.h */,
				66BA61AA246AF17D006CCB9A /* SceneDelegate.m */,
				66BA61AC246AF17D006CCB9A /* ViewController.h */,
				66BA61AD246AF17D006CCB9A /* ViewController.m */,
				66BA61AF246AF17D006CCB9A /* Main.storyboard */,
				66BA61B2246AF180006CCB9A /* Assets.xcassets */,
				66BA61B4246AF180006CCB9A /* LaunchScreen.storyboard */,
				66BA61B7246AF180006CCB9A /* Info.plist */,
				66BA61B8246AF180006CCB9A /* main.m */,
			);
			path = TianYangTool;
			sourceTree = "<group>";
		};
		66BA61BF246AF1A1006CCB9A /* Classes */ = {
			isa = PBXGroup;
			children = (
				66BA61C0246AF1A1006CCB9A /* DRBCommonTool.m */,
				66BA61C1246AF1A1006CCB9A /* DRBCommonTool.h */,
			);
			path = Classes;
			sourceTree = "<group>";
		};
/* End PBXGroup section */

/* Begin PBXNativeTarget section */
		66BA61A2246AF17D006CCB9A /* TianYangTool */ = {
			isa = PBXNativeTarget;
			buildConfigurationList = 66BA61BC246AF180006CCB9A /* Build configuration list for PBXNativeTarget "TianYangTool" */;
			buildPhases = (
				66BA619F246AF17D006CCB9A /* Sources */,
				66BA61A0246AF17D006CCB9A /* Frameworks */,
				66BA61A1246AF17D006CCB9A /* Resources */,
			);
			buildRules = (
			);
			dependencies = (
			);
			name = TianYangTool;
			productName = TianYangTool;
			productReference = 66BA61A3246AF17D006CCB9A /* TianYangTool.app */;
			productType = "com.apple.product-type.application";
		};
/* End PBXNativeTarget section */

/* Begin PBXProject section */
		66BA619B246AF17D006CCB9A /* Project object */ = {
			isa = PBXProject;
			attributes = {
				LastUpgradeCheck = 1140;
				ORGANIZATIONNAME = "田洋";
				TargetAttributes = {
					66BA61A2246AF17D006CCB9A = {
						CreatedOnToolsVersion = 11.4.1;
					};
				};
			};
			buildConfigurationList = 66BA619E246AF17D006CCB9A /* Build configuration list for PBXProject "TianYangTool" */;
			compatibilityVersion = "Xcode 9.3";
			developmentRegion = en;
			hasScannedForEncodings = 0;
			knownRegions = (
				en,
				Base,
			);
			mainGroup = 66BA619A246AF17D006CCB9A;
			productRefGroup = 66BA61A4246AF17D006CCB9A /* Products */;
			projectDirPath = "";
			projectRoot = "";
			targets = (
				66BA61A2246AF17D006CCB9A /* TianYangTool */,
			);
		};
/* End PBXProject section */

/* Begin PBXResourcesBuildPhase section */
		66BA61A1246AF17D006CCB9A /* Resources */ = {
			isa = PBXResourcesBuildPhase;
			buildActionMask = 2147483647;
			files = (
				66BA61B6246AF180006CCB9A /* LaunchScreen.storyboard in Resources */,
				66BA61B3246AF180006CCB9A /* Assets.xcassets in Resources */,
				66BA61B1246AF17D006CCB9A /* Main.storyboard in Resources */,
			);
			runOnlyForDeploymentPostprocessing = 0;
		};
/* End PBXResourcesBuildPhase section */

/* Begin PBXSourcesBuildPhase section */
		66BA619F246AF17D006CCB9A /* Sources */ = {
			isa = PBXSourcesBuildPhase;
			buildActionMask = 2147483647;
			files = (
				66BA61C2246AF1A1006CCB9A /* DRBCommonTool.m in Sources */,
				66BA61AE246AF17D006CCB9A /* ViewController.m in Sources */,
				66BA61A8246AF17D006CCB9A /* AppDelegate.m in Sources */,
				66BA61B9246AF180006CCB9A /* main.m in Sources */,
				66BA61AB246AF17D006CCB9A /* SceneDelegate.m in Sources */,
			);
			runOnlyForDeploymentPostprocessing = 0;
		};
/* End PBXSourcesBuildPhase section */

/* Begin PBXVariantGroup section */
		66BA61AF246AF17D006CCB9A /* Main.storyboard */ = {
			isa = PBXVariantGroup;
			children = (
				66BA61B0246AF17D006CCB9A /* Base */,
			);
			name = Main.storyboard;
			sourceTree = "<group>";
		};
		66BA61B4246AF180006CCB9A /* LaunchScreen.storyboard */ = {
			isa = PBXVariantGroup;
			children = (
				66BA61B5246AF180006CCB9A /* Base */,
			);
			name = LaunchScreen.storyboard;
			sourceTree = "<group>";
		};
/* End PBXVariantGroup section */

/* Begin XCBuildConfiguration section */
		66BA61BA246AF180006CCB9A /* Debug */ = {
			isa = XCBuildConfiguration;
			buildSettings = {
				ALWAYS_SEARCH_USER_PATHS = NO;
				CLANG_ANALYZER_NONNULL = YES;
				CLANG_ANALYZER_NUMBER_OBJECT_CONVERSION = YES_AGGRESSIVE;
				CLANG_CXX_LANGUAGE_STANDARD = "gnu++14";
				CLANG_CXX_LIBRARY = "libc++";
				CLANG_ENABLE_MODULES = YES;
				CLANG_ENABLE_OBJC_ARC = YES;
				CLANG_ENABLE_OBJC_WEAK = YES;
				CLANG_WARN_BLOCK_CAPTURE_AUTORELEASING = YES;
				CLANG_WARN_BOOL_CONVERSION = YES;
				CLANG_WARN_COMMA = YES;
				CLANG_WARN_CONSTANT_CONVERSION = YES;
				CLANG_WARN_DEPRECATED_OBJC_IMPLEMENTATIONS = YES;
				CLANG_WARN_DIRECT_OBJC_ISA_USAGE = YES_ERROR;
				CLANG_WARN_DOCUMENTATION_COMMENTS = YES;
				CLANG_WARN_EMPTY_BODY = YES;
				CLANG_WARN_ENUM_CONVERSION = YES;
				CLANG_WARN_INFINITE_RECURSION = YES;
				CLANG_WARN_INT_CONVERSION = YES;
				CLANG_WARN_NON_LITERAL_NULL_CONVERSION = YES;
				CLANG_WARN_OBJC_IMPLICIT_RETAIN_SELF = YES;
				CLANG_WARN_OBJC_LITERAL_CONVERSION = YES;
				CLANG_WARN_OBJC_ROOT_CLASS = YES_ERROR;
				CLANG_WARN_RANGE_LOOP_ANALYSIS = YES;
				CLANG_WARN_STRICT_PROTOTYPES = YES;
				CLANG_WARN_SUSPICIOUS_MOVE = YES;
				CLANG_WARN_UNGUARDED_AVAILABILITY = YES_AGGRESSIVE;
				CLANG_WARN_UNREACHABLE_CODE = YES;
				CLANG_WARN__DUPLICATE_METHOD_MATCH = YES;
				COPY_PHASE_STRIP = NO;
				DEBUG_INFORMATION_FORMAT = dwarf;
				ENABLE_STRICT_OBJC_MSGSEND = YES;
				ENABLE_TESTABILITY = YES;
				GCC_C_LANGUAGE_STANDARD = gnu11;
				GCC_DYNAMIC_NO_PIC = NO;
				GCC_NO_COMMON_BLOCKS = YES;
				GCC_OPTIMIZATION_LEVEL = 0;
				GCC_PREPROCESSOR_DEFINITIONS = (
					"DEBUG=1",
					"$(inherited)",
				);
				GCC_WARN_64_TO_32_BIT_CONVERSION = YES;
				GCC_WARN_ABOUT_RETURN_TYPE = YES_ERROR;
				GCC_WARN_UNDECLARED_SELECTOR = YES;
				GCC_WARN_UNINITIALIZED_AUTOS = YES_AGGRESSIVE;
				GCC_WARN_UNUSED_FUNCTION = YES;
				GCC_WARN_UNUSED_VARIABLE = YES;
				IPHONEOS_DEPLOYMENT_TARGET = 13.0;
				MTL_ENABLE_DEBUG_INFO = INCLUDE_SOURCE;
				MTL_FAST_MATH = YES;
				ONLY_ACTIVE_ARCH = YES;
				SDKROOT = iphoneos;
			};
			name = Debug;
		};
		66BA61BB246AF180006CCB9A /* Release */ = {
			isa = XCBuildConfiguration;
			buildSettings = {
				ALWAYS_SEARCH_USER_PATHS = NO;
				CLANG_ANALYZER_NONNULL = YES;
				CLANG_ANALYZER_NUMBER_OBJECT_CONVERSION = YES_AGGRESSIVE;
				CLANG_CXX_LANGUAGE_STANDARD = "gnu++14";
				CLANG_CXX_LIBRARY = "libc++";
				CLANG_ENABLE_MODULES = YES;
				CLANG_ENABLE_OBJC_ARC = YES;
				CLANG_ENABLE_OBJC_WEAK = YES;
				CLANG_WARN_BLOCK_CAPTURE_AUTORELEASING = YES;
				CLANG_WARN_BOOL_CONVERSION = YES;
				CLANG_WARN_COMMA = YES;
				CLANG_WARN_CONSTANT_CONVERSION = YES;
				CLANG_WARN_DEPRECATED_OBJC_IMPLEMENTATIONS = YES;
				CLANG_WARN_DIRECT_OBJC_ISA_USAGE = YES_ERROR;
				CLANG_WARN_DOCUMENTATION_COMMENTS = YES;
				CLANG_WARN_EMPTY_BODY = YES;
				CLANG_WARN_ENUM_CONVERSION = YES;
				CLANG_WARN_INFINITE_RECURSION = YES;
				CLANG_WARN_INT_CONVERSION = YES;
				CLANG_WARN_NON_LITERAL_NULL_CONVERSION = YES;
				CLANG_WARN_OBJC_IMPLICIT_RETAIN_SELF = YES;
				CLANG_WARN_OBJC_LITERAL_CONVERSION = YES;
				CLANG_WARN_OBJC_ROOT_CLASS = YES_ERROR;
				CLANG_WARN_RANGE_LOOP_ANALYSIS = YES;
				CLANG_WARN_STRICT_PROTOTYPES = YES;
				CLANG_WARN_SUSPICIOUS_MOVE = YES;
				CLANG_WARN_UNGUARDED_AVAILABILITY = YES_AGGRESSIVE;
				CLANG_WARN_UNREACHABLE_CODE = YES;
				CLANG_WARN__DUPLICATE_METHOD_MATCH = YES;
				COPY_PHASE_STRIP = NO;
				DEBUG_INFORMATION_FORMAT = "dwarf-with-dsym";
				ENABLE_NS_ASSERTIONS = NO;
				ENABLE_STRICT_OBJC_MSGSEND = YES;
				GCC_C_LANGUAGE_STANDARD = gnu11;
				GCC_NO_COMMON_BLOCKS = YES;
				GCC_WARN_64_TO_32_BIT_CONVERSION = YES;
				GCC_WARN_ABOUT_RETURN_TYPE = YES_ERROR;
				GCC_WARN_UNDECLARED_SELECTOR = YES;
				GCC_WARN_UNINITIALIZED_AUTOS = YES_AGGRESSIVE;
				GCC_WARN_UNUSED_FUNCTION = YES;
				GCC_WARN_UNUSED_VARIABLE = YES;
				IPHONEOS_DEPLOYMENT_TARGET = 13.0;
				MTL_ENABLE_DEBUG_INFO = NO;
				MTL_FAST_MATH = YES;
				SDKROOT = iphoneos;
				VALIDATE_PRODUCT = YES;
			};
			name = Release;
		};
		66BA61BD246AF180006CCB9A /* Debug */ = {
			isa = XCBuildConfiguration;
			buildSettings = {
				ASSETCATALOG_COMPILER_APPICON_NAME = AppIcon;
				CODE_SIGN_STYLE = Automatic;
				DEVELOPMENT_TEAM = S84FP8YM4R;
				INFOPLIST_FILE = TianYangTool/Info.plist;
				LD_RUNPATH_SEARCH_PATHS = (
					"$(inherited)",
					"@executable_path/Frameworks",
				);
				PRODUCT_BUNDLE_IDENTIFIER = com.doctorbei.Smart.TianYangTool;
				PRODUCT_NAME = "$(TARGET_NAME)";
				TARGETED_DEVICE_FAMILY = "1,2";
			};
			name = Debug;
		};
		66BA61BE246AF180006CCB9A /* Release */ = {
			isa = XCBuildConfiguration;
			buildSettings = {
				ASSETCATALOG_COMPILER_APPICON_NAME = AppIcon;
				CODE_SIGN_STYLE = Automatic;
				DEVELOPMENT_TEAM = S84FP8YM4R;
				INFOPLIST_FILE = TianYangTool/Info.plist;
				LD_RUNPATH_SEARCH_PATHS = (
					"$(inherited)",
					"@executable_path/Frameworks",
				);
				PRODUCT_BUNDLE_IDENTIFIER = com.doctorbei.Smart.TianYangTool;
				PRODUCT_NAME = "$(TARGET_NAME)";
				TARGETED_DEVICE_FAMILY = "1,2";
			};
			name = Release;
		};
/* End XCBuildConfiguration section */

/* Begin XCConfigurationList section */
		66BA619E246AF17D006CCB9A /* Build configuration list for PBXProject "TianYangTool" */ = {
			isa = XCConfigurationList;
			buildConfigurations = (
				66BA61BA246AF180006CCB9A /* Debug */,
				66BA61BB246AF180006CCB9A /* Release */,
			);
			defaultConfigurationIsVisible = 0;
			defaultConfigurationName = Release;
		};
		66BA61BC246AF180006CCB9A /* Build configuration list for PBXNativeTarget "TianYangTool" */ = {
			isa = XCConfigurationList;
			buildConfigurations = (
				66BA61BD246AF180006CCB9A /* Debug */,
				66BA61BE246AF180006CCB9A /* Release */,
			);
			defaultConfigurationIsVisible = 0;
			defaultConfigurationName = Release;
		};
/* End XCConfigurationList section */
	};
	rootObject = 66BA619B246AF17D006CCB9A /* Project object */;
}
